
Microsoft Visual Studio Solution File, Format Version 12.00
# Visual Studio Version 17
VisualStudioVersion = 17.0.31903.59
MinimumVisualStudioVersion = 10.0.40219.1
Project("{2150E333-8FDC-42A3-9474-1A3956D46DE8}") = "src", "src", "{827E0CD3-B72D-47B6-A68D-7590B98EB39B}"
EndProject
Project("{FAE04EC0-301F-11D3-BF4B-00C04F79EFBC}") = "CropQc.Api", "src\CropQc.Api\CropQc.Api.csproj", "{7FEF8E4C-A903-4531-954C-24D45CB31078}"
EndProject
Project("{FAE04EC0-301F-11D3-BF4B-00C04F79EFBC}") = "CropQc.Web", "src\CropQc.Web\CropQc.Web.csproj", "{C951B6EA-3E8E-487F-A96C-E6DB388AD7FC}"
EndProject
Project("{FAE04EC0-301F-11D3-BF4B-00C04F79EFBC}") = "CropQc.Shared", "src\CropQc.Shared\CropQc.Shared.csproj", "{FA577BAE-CA85-4110-B1E4-46BD5BB1123E}"
EndProject
Project("{FAE04EC0-301F-11D3-BF4B-00C04F79EFBC}") = "CropQc.Data", "src\CropQc.Data\CropQc.Data.csproj", "{965E9E1D-9ECC-4352-9867-ADE7495B80E7}"
EndProject
Project("{FAE04EC0-301F-11D3-BF4B-00C04F79EFBC}") = "CropQc.QcStation", "src\CropQc.QcStation\CropQc.QcStation.csproj", "{810EE8B3-3B40-4928-8143-FAB6E875FF66}"
EndProject
Global
	GlobalSection(SolutionConfigurationPlatforms) = preSolution
		Debug|Any CPU = Debug|Any CPU
		Debug|x64 = Debug|x64
		Debug|x86 = Debug|x86
		Release|Any CPU = Release|Any CPU
		Release|x64 = Release|x64
		Release|x86 = Release|x86
	EndGlobalSection
	GlobalSection(ProjectConfigurationPlatforms) = postSolution
		{7FEF8E4C-A903-4531-954C-24D45CB31078}.Debug|Any CPU.ActiveCfg = Debug|Any CPU
		{7FEF8E4C-A903-4531-954C-24D45CB31078}.Debug|Any CPU.Build.0 = Debug|Any CPU
		{7FEF8E4C-A903-4531-954C-24D45CB31078}.Debug|x64.ActiveCfg = Debug|Any CPU
		{7FEF8E4C-A903-4531-954C-24D45CB31078}.Debug|x64.Build.0 = Debug|Any CPU
		{7FEF8E4C-A903-4531-954C-24D45CB31078}.Debug|x86.ActiveCfg = Debug|Any CPU
		{7FEF8E4C-A903-4531-954C-24D45CB31078}.Debug|x86.Build.0 = Debug|Any CPU
		{7FEF8E4C-A903-4531-954C-24D45CB31078}.Release|Any CPU.ActiveCfg = Release|Any CPU
		{7FEF8E4C-A903-4531-954C-24D45CB31078}.Release|Any CPU.Build.0 = Release|Any CPU
		{7FEF8E4C-A903-4531-954C-24D45CB31078}.Release|x64.ActiveCfg = Release|Any CPU
		{7FEF8E4C-A903-4531-954C-24D45CB31078}.Release|x64.Build.0 = Release|Any CPU
		{7FEF8E4C-A903-4531-954C-24D45CB31078}.Release|x86.ActiveCfg = Release|Any CPU
		{7FEF8E4C-A903-4531-954C-24D45CB31078}.Release|x86.Build.0 = Release|Any CPU
		{C951B6EA-3E8E-487F-A96C-E6DB388AD7FC}.Debug|Any CPU.ActiveCfg = Debug|Any CPU
		{C951B6EA-3E8E-487F-A96C-E6DB388AD7FC}.Debug|Any CPU.Build.0 = Debug|Any CPU
		{C951B6EA-3E8E-487F-A96C-E6DB388AD7FC}.Debug|x64.ActiveCfg = Debug|Any CPU
		{C951B6EA-3E8E-487F-A96C-E6DB388AD7FC}.Debug|x64.Build.0 = Debug|Any CPU
		{C951B6EA-3E8E-487F-A96C-E6DB388AD7FC}.Debug|x86.ActiveCfg = Debug|Any CPU
		{C951B6EA-3E8E-487F-A96C-E6DB388AD7FC}.Debug|x86.Build.0 = Debug|Any CPU
		{C951B6EA-3E8E-487F-A96C-E6DB388AD7FC}.Release|Any CPU.ActiveCfg = Release|Any CPU
		{C951B6EA-3E8E-487F-A96C-E6DB388AD7FC}.Release|Any CPU.Build.0 = Release|Any CPU
		{C951B6EA-3E8E-487F-A96C-E6DB388AD7FC}.Release|x64.ActiveCfg = Release|Any CPU
		{C951B6EA-3E8E-487F-A96C-E6DB388AD7FC}.Release|x64.Build.0 = Release|Any CPU
		{C951B6EA-3E8E-487F-A96C-E6DB388AD7FC}.Release|x86.ActiveCfg = Release|Any CPU
		{C951B6EA-3E8E-487F-A96C-E6DB388AD7FC}.Release|x86.Build.0 = Release|Any CPU
		{FA577BAE-CA85-4110-B1E4-46BD5BB1123E}.Debug|Any CPU.ActiveCfg = Debug|Any CPU
		{FA577BAE-CA85-4110-B1E4-46BD5BB1123E}.Debug|Any CPU.Build.0 = Debug|Any CPU
		{FA577BAE-CA85-4110-B1E4-46BD5BB1123E}.Debug|x64.ActiveCfg = Debug|Any CPU
		{FA577BAE-CA85-4110-B1E4-46BD5BB1123E}.Debug|x64.Build.0 = Debug|Any CPU
		{FA577BAE-CA85-4110-B1E4-46BD5BB1123E}.Debug|x86.ActiveCfg = Debug|Any CPU
		{FA577BAE-CA85-4110-B1E4-46BD5BB1123E}.Debug|x86.Build.0 = Debug|Any CPU
		{FA577BAE-CA85-4110-B1E4-46BD5BB1123E}.Release|Any CPU.ActiveCfg = Release|Any CPU
		{FA577BAE-CA85-4110-B1E4-46BD5BB1123E}.Release|Any CPU.Build.0 = Release|Any CPU
		{FA577BAE-CA85-4110-B1E4-46BD5BB1123E}.Release|x64.ActiveCfg = Release|Any CPU
		{FA577BAE-CA85-4110-B1E4-46BD5BB1123E}.Release|x64.Build.0 = Release|Any CPU
		{FA577BAE-CA85-4110-B1E4-46BD5BB1123E}.Release|x86.ActiveCfg = Release|Any CPU
		{FA577BAE-CA85-4110-B1E4-46BD5BB1123E}.Release|x86.Build.0 = Release|Any CPU
		{965E9E1D-9ECC-4352-9867-ADE7495B80E7}.Debug|Any CPU.ActiveCfg = Debug|Any CPU
		{965E9E1D-9ECC-4352-9867-ADE7495B80E7}.Debug|Any CPU.Build.0 = Debug|Any CPU
		{965E9E1D-9ECC-4352-9867-ADE7495B80E7}.Debug|x64.ActiveCfg = Debug|Any CPU
		{965E9E1D-9ECC-4352-9867-ADE7495B80E7}.Debug|x64.Build.0 = Debug|Any CPU
		{965E9E1D-9ECC-4352-9867-ADE7495B80E7}.Debug|x86.ActiveCfg = Debug|Any CPU
		{965E9E1D-9ECC-4352-9867-ADE7495B80E7}.Debug|x86.Build.0 = Debug|Any CPU
		{965E9E1D-9ECC-4352-9867-ADE7495B80E7}.Release|Any CPU.ActiveCfg = Release|Any CPU
		{965E9E1D-9ECC-4352-9867-ADE7495B80E7}.Release|Any CPU.Build.0 = Release|Any CPU
		{965E9E1D-9ECC-4352-9867-ADE7495B80E7}.Release|x64.ActiveCfg = Release|Any CPU
		{965E9E1D-9ECC-4352-9867-ADE7495B80E7}.Release|x64.Build.0 = Release|Any CPU
		{965E9E1D-9ECC-4352-9867-ADE7495B80E7}.Release|x86.ActiveCfg = Release|Any CPU
		{965E9E1D-9ECC-4352-9867-ADE7495B80E7}.Release|x86.Build.0 = Release|Any CPU
		{810EE8B3-3B40-4928-8143-FAB6E875FF66}.Debug|Any CPU.ActiveCfg = Debug|Any CPU
		{810EE8B3-3B40-4928-8143-FAB6E875FF66}.Debug|Any CPU.Build.0 = Debug|Any CPU
		{810EE8B3-3B40-4928-8143-FAB6E875FF66}.Debug|x64.ActiveCfg = Debug|Any CPU
		{810EE8B3-3B40-4928-8143-FAB6E875FF66}.Debug|x64.Build.0 = Debug|Any CPU
		{810EE8B3-3B40-4928-8143-FAB6E875FF66}.Debug|x86.ActiveCfg = Debug|Any CPU
		{810EE8B3-3B40-4928-8143-FAB6E875FF66}.Debug|x86.Build.0 = Debug|Any CPU
		{810EE8B3-3B40-4928-8143-FAB6E875FF66}.Release|Any CPU.ActiveCfg = Release|Any CPU
		{810EE8B3-3B40-4928-8143-FAB6E875FF66}.Release|Any CPU.Build.0 = Release|Any CPU
		{810EE8B3-3B40-4928-8143-FAB6E875FF66}.Release|x64.ActiveCfg = Release|Any CPU
		{810EE8B3-3B40-4928-8143-FAB6E875FF66}.Release|x64.Build.0 = Release|Any CPU
		{810EE8B3-3B40-4928-8143-FAB6E875FF66}.Release|x86.ActiveCfg = Release|Any CPU
		{810EE8B3-3B40-4928-8143-FAB6E875FF66}.Release|x86.Build.0 = Release|Any CPU
	EndGlobalSection
	GlobalSection(SolutionProperties) = preSolution
		HideSolutionNode = FALSE
	EndGlobalSection
	GlobalSection(NestedProjects) = preSolution
		{7FEF8E4C-A903-4531-954C-24D45CB31078} = {827E0CD3-B72D-47B6-A68D-7590B98EB39B}
		{C951B6EA-3E8E-487F-A96C-E6DB388AD7FC} = {827E0CD3-B72D-47B6-A68D-7590B98EB39B}
		{FA577BAE-CA85-4110-B1E4-46BD5BB1123E} = {827E0CD3-B72D-47B6-A68D-7590B98EB39B}
		{965E9E1D-9ECC-4352-9867-ADE7495B80E7} = {827E0CD3-B72D-47B6-A68D-7590B98EB39B}
		{810EE8B3-3B40-4928-8143-FAB6E875FF66} = {827E0CD3-B72D-47B6-A68D-7590B98EB39B}
	EndGlobalSection
EndGlobal
